{
  "originHash" : "c2736fabdb11828e6bcf605a8647b30ccadbe4a953ae060309ebee551fa02fe5",
  "pins" : [
    {
      "identity" : "eudi-lib-ios-iso18013-data-model",
      "kind" : "remoteSourceControl",
      "location" : "https://github.com/JHeisecke/eudi-lib-ios-iso18013-data-model.git",
      "state" : {
        "branch" : "main",
        "revision" : "dc2399601920e5d712f9db1d54caa153ad04654f"
      }
    },
    {
      "identity" : "swift-collections",
      "kind" : "remoteSourceControl",
      "location" : "https://github.com/JHeisecke/swift-collections.git",
      "state" : {
        "branch" : "main",
        "revision" : "77e99ff65ab12b3c2cd4f64b875965209f133d4c"
      }
    },
    {
      "identity" : "swift-log",
      "kind" : "remoteSourceControl",
      "location" : "https://github.com/JHeisecke/swift-log.git",
      "state" : {
        "branch" : "fix/swift-6.2-library-evolution-inlinable",
        "revision" : "0ed72548f95245a88307265393891c341f04ca02"
      }
    },
    {
      "identity" : "swift-syntax",
      "kind" : "remoteSourceControl",
      "location" : "https://github.com/swiftlang/swift-syntax.git",
      "state" : {
        "revision" : "64889f0c732f210a935a0ad7cda38f77f876262d",
        "version" : "509.1.1"
      }
    },
    {
      "identity" : "swiftcbor",
      "kind" : "remoteSourceControl",
      "location" : "https://github.com/niscy-eudiw/SwiftCBOR.git",
      "state" : {
        "revision" : "a663e7a6bd50d2224223ed60622b531b18499dd0",
        "version" : "0.6.4"
      }
    },
    {
      "identity" : "swiftcopyablemacro",
      "kind" : "remoteSourceControl",
      "location" : "https://github.com/eu-digital-identity-wallet/SwiftCopyableMacro.git",
      "state" : {
        "revision" : "d535b0836be52c846d87605adad1205445e4dc35",
        "version" : "0.0.4"
      }
    },
    {
      "identity" : "swiftyjson",
      "kind" : "remoteSourceControl",
      "location" : "https://github.com/SwiftyJSON/SwiftyJSON.git",
      "state" : {
        "revision" : "af76cf3ef710b6ca5f8c05f3a31307d44a3c5828",
        "version" : "5.0.2"
      }
    }
  ],
  "version" : 3
}
